// !$*UTF8*$!
{
	archiveVersion = 1;
	classes = {
	};
	objectVersion = 56;
	objects = {

/* Begin PBXBuildFile section */
		18B611C62C91E15B00D9036A /* RealityKitContent in Frameworks */ = {isa = PBXBuildFile; productRef = 18B611C52C91E15B00D9036A /* RealityKitContent */; };
		18B611C82C91E15B00D9036A /* DotaStatusApp.swift in Sources */ = {isa = PBXBuildFile; fileRef = 18B611C72C91E15B00D9036A /* DotaStatusApp.swift */; };
		18B611CA2C91E15B00D9036A /* ContentView.swift in Sources */ = {isa = PBXBuildFile; fileRef = 18B611C92C91E15B00D9036A /* ContentView.swift */; };
		18B611CC2C91E15D00D9036A /* Assets.xcassets in Resources */ = {isa = PBXBuildFile; fileRef = 18B611CB2C91E15D00D9036A /* Assets.xcassets */; };
		18B611CF2C91E15D00D9036A /* Preview Assets.xcassets in Resources */ = {isa = PBXBuildFile; fileRef = 18B611CE2C91E15D00D9036A /* Preview Assets.xcassets */; };
		18B611DA2C91E15D00D9036A /* DotaStatusTests.swift in Sources */ = {isa = PBXBuildFile; fileRef = 18B611D92C91E15D00D9036A /* DotaStatusTests.swift */; };
		18B611E52C91E5E000D9036A /* SearchView.swift in Sources */ = {isa = PBXBuildFile; fileRef = 18B611E42C91E5E000D9036A /* SearchView.swift */; };
		18B611E82C91EAD800D9036A /* DotaViewModel.swift in Sources */ = {isa = PBXBuildFile; fileRef = 18B611E72C91EAD800D9036A /* DotaViewModel.swift */; };
		18B611EB2C91EB5C00D9036A /* DotaResponse.swift in Sources */ = {isa = PBXBuildFile; fileRef = 18B611EA2C91EB5C00D9036A /* DotaResponse.swift */; };
		18B611ED2C91F03800D9036A /* ListPlayerView.swift in Sources */ = {isa = PBXBuildFile; fileRef = 18B611EC2C91F03800D9036A /* ListPlayerView.swift */; };
		18B611F02C91F48000D9036A /* PlayerCell.swift in Sources */ = {isa = PBXBuildFile; fileRef = 18B611EF2C91F47F00D9036A /* PlayerCell.swift */; };
		18B611F22C9214D500D9036A /* PerfilPlayerView.swift in Sources */ = {isa = PBXBuildFile; fileRef = 18B611F12C9214D500D9036A /* PerfilPlayerView.swift */; };
		18B611F42C9225B900D9036A /* MedalView.swift in Sources */ = {isa = PBXBuildFile; fileRef = 18B611F32C9225B900D9036A /* MedalView.swift */; };
		18B611F62C92280600D9036A /* MatchesView.swift in Sources */ = {isa = PBXBuildFile; fileRef = 18B611F52C92280600D9036A /* MatchesView.swift */; };
		18B611F82C922C4A00D9036A /* WinRateView.swift in Sources */ = {isa = PBXBuildFile; fileRef = 18B611F72C922C4900D9036A /* WinRateView.swift */; };
/* End PBXBuildFile section */

/* Begin PBXContainerItemProxy section */
		18B611D62C91E15D00D9036A /* PBXContainerItemProxy */ = {
			isa = PBXContainerItemProxy;
			containerPortal = 18B611B82C91E15B00D9036A /* Project object */;
			proxyType = 1;
			remoteGlobalIDString = 18B611BF2C91E15B00D9036A;
			remoteInfo = DotaStatus;
		};
/* End PBXContainerItemProxy section */

/* Begin PBXFileReference section */
		18B611C02C91E15B00D9036A /* DotaStatus.app */ = {isa = PBXFileReference; explicitFileType = wrapper.application; includeInIndex = 0; path = DotaStatus.app; sourceTree = BUILT_PRODUCTS_DIR; };
		18B611C42C91E15B00D9036A /* RealityKitContent */ = {isa = PBXFileReference; lastKnownFileType = wrapper; path = RealityKitContent; sourceTree = "<group>"; };
		18B611C72C91E15B00D9036A /* DotaStatusApp.swift */ = {isa = PBXFileReference; lastKnownFileType = sourcecode.swift; path = DotaStatusApp.swift; sourceTree = "<group>"; };
		18B611C92C91E15B00D9036A /* ContentView.swift */ = {isa = PBXFileReference; lastKnownFileType = sourcecode.swift; path = ContentView.swift; sourceTree = "<group>"; };
		18B611CB2C91E15D00D9036A /* Assets.xcassets */ = {isa = PBXFileReference; lastKnownFileType = folder.assetcatalog; path = Assets.xcassets; sourceTree = "<group>"; };
		18B611CE2C91E15D00D9036A /* Preview Assets.xcassets */ = {isa = PBXFileReference; lastKnownFileType = folder.assetcatalog; path = "Preview Assets.xcassets"; sourceTree = "<group>"; };
		18B611D02C91E15D00D9036A /* Info.plist */ = {isa = PBXFileReference; lastKnownFileType = text.plist.xml; path = Info.plist; sourceTree = "<group>"; };
		18B611D52C91E15D00D9036A /* DotaStatusTests.xctest */ = {isa = PBXFileReference; explicitFileType = wrapper.cfbundle; includeInIndex = 0; path = DotaStatusTests.xctest; sourceTree = BUILT_PRODUCTS_DIR; };
		18B611D92C91E15D00D9036A /* DotaStatusTests.swift */ = {isa = PBXFileReference; lastKnownFileType = sourcecode.swift; path = DotaStatusTests.swift; sourceTree = "<group>"; };
		18B611E42C91E5E000D9036A /* SearchView.swift */ = {isa = PBXFileReference; lastKnownFileType = sourcecode.swift; path = SearchView.swift; sourceTree = "<group>"; };
		18B611E72C91EAD800D9036A /* DotaViewModel.swift */ = {isa = PBXFileReference; lastKnownFileType = sourcecode.swift; path = DotaViewModel.swift; sourceTree = "<group>"; };
		18B611EA2C91EB5C00D9036A /* DotaResponse.swift */ = {isa = PBXFileReference; lastKnownFileType = sourcecode.swift; path = DotaResponse.swift; sourceTree = "<group>"; };
		18B611EC2C91F03800D9036A /* ListPlayerView.swift */ = {isa = PBXFileReference; lastKnownFileType = sourcecode.swift; path = ListPlayerView.swift; sourceTree = "<group>"; };
		18B611EF2C91F47F00D9036A /* PlayerCell.swift */ = {isa = PBXFileReference; lastKnownFileType = sourcecode.swift; path = PlayerCell.swift; sourceTree = "<group>"; };
		18B611F12C9214D500D9036A /* PerfilPlayerView.swift */ = {isa = PBXFileReference; lastKnownFileType = sourcecode.swift; path = PerfilPlayerView.swift; sourceTree = "<group>"; };
		18B611F32C9225B900D9036A /* MedalView.swift */ = {isa = PBXFileReference; lastKnownFileType = sourcecode.swift; path = MedalView.swift; sourceTree = "<group>"; };
		18B611F52C92280600D9036A /* MatchesView.swift */ = {isa = PBXFileReference; lastKnownFileType = sourcecode.swift; path = MatchesView.swift; sourceTree = "<group>"; };
		18B611F72C922C4900D9036A /* WinRateView.swift */ = {isa = PBXFileReference; lastKnownFileType = sourcecode.swift; path = WinRateView.swift; sourceTree = "<group>"; };
/* End PBXFileReference section */

/* Begin PBXFrameworksBuildPhase section */
		18B611BD2C91E15B00D9036A /* Frameworks */ = {
			isa = PBXFrameworksBuildPhase;
			buildActionMask = 2147483647;
			files = (
				18B611C62C91E15B00D9036A /* RealityKitContent in Frameworks */,
			);
			runOnlyForDeploymentPostprocessing = 0;
		};
		18B611D22C91E15D00D9036A /* Frameworks */ = {
			isa = PBXFrameworksBuildPhase;
			buildActionMask = 2147483647;
			files = (
			);
			runOnlyForDeploymentPostprocessing = 0;
		};
/* End PBXFrameworksBuildPhase section */

/* Begin PBXGroup section */
		18B611B72C91E15B00D9036A = {
			isa = PBXGroup;
			children = (
				18B611C22C91E15B00D9036A /* DotaStatus */,
				18B611C32C91E15B00D9036A /* Packages */,
				18B611D82C91E15D00D9036A /* DotaStatusTests */,
				18B611C12C91E15B00D9036A /* Products */,
			);
			sourceTree = "<group>";
		};
		18B611C12C91E15B00D9036A /* Products */ = {
			isa = PBXGroup;
			children = (
				18B611C02C91E15B00D9036A /* DotaStatus.app */,
				18B611D52C91E15D00D9036A /* DotaStatusTests.xctest */,
			);
			name = Products;
			sourceTree = "<group>";
		};
		18B611C22C91E15B00D9036A /* DotaStatus */ = {
			isa = PBXGroup;
			children = (
				18B611EE2C91F45100D9036A /* Components */,
				18B611E92C91EB2D00D9036A /* Model */,
				18B611E62C91EAAF00D9036A /* ViewModel */,
				18B611E32C91E5B600D9036A /* View */,
				18B611C72C91E15B00D9036A /* DotaStatusApp.swift */,
				18B611C92C91E15B00D9036A /* ContentView.swift */,
				18B611CB2C91E15D00D9036A /* Assets.xcassets */,
				18B611D02C91E15D00D9036A /* Info.plist */,
				18B611CD2C91E15D00D9036A /* Preview Content */,
			);
			path = DotaStatus;
			sourceTree = "<group>";
		};
		18B611C32C91E15B00D9036A /* Packages */ = {
			isa = PBXGroup;
			children = (
				18B611C42C91E15B00D9036A /* RealityKitContent */,
			);
			path = Packages;
			sourceTree = "<group>";
		};
		18B611CD2C91E15D00D9036A /* Preview Content */ = {
			isa = PBXGroup;
			children = (
				18B611CE2C91E15D00D9036A /* Preview Assets.xcassets */,
			);
			path = "Preview Content";
			sourceTree = "<group>";
		};
		18B611D82C91E15D00D9036A /* DotaStatusTests */ = {
			isa = PBXGroup;
			children = (
				18B611D92C91E15D00D9036A /* DotaStatusTests.swift */,
			);
			path = DotaStatusTests;
			sourceTree = "<group>";
		};
		18B611E32C91E5B600D9036A /* View */ = {
			isa = PBXGroup;
			children = (
				18B611E42C91E5E000D9036A /* SearchView.swift */,
				18B611F12C9214D500D9036A /* PerfilPlayerView.swift */,
				18B611EC2C91F03800D9036A /* ListPlayerView.swift */,
			);
			path = View;
			sourceTree = "<group>";
		};
		18B611E62C91EAAF00D9036A /* ViewModel */ = {
			isa = PBXGroup;
			children = (
				18B611E72C91EAD800D9036A /* DotaViewModel.swift */,
			);
			path = ViewModel;
			sourceTree = "<group>";
		};
		18B611E92C91EB2D00D9036A /* Model */ = {
			isa = PBXGroup;
			children = (
				18B611EA2C91EB5C00D9036A /* DotaResponse.swift */,
			);
			path = Model;
			sourceTree = "<group>";
		};
		18B611EE2C91F45100D9036A /* Components */ = {
			isa = PBXGroup;
			children = (
				18B611EF2C91F47F00D9036A /* PlayerCell.swift */,
				18B611F32C9225B900D9036A /* MedalView.swift */,
				18B611F52C92280600D9036A /* MatchesView.swift */,
				18B611F72C922C4900D9036A /* WinRateView.swift */,
			);
			path = Components;
			sourceTree = "<group>";
		};
/* End PBXGroup section */

/* Begin PBXNativeTarget section */
		18B611BF2C91E15B00D9036A /* DotaStatus */ = {
			isa = PBXNativeTarget;
			buildConfigurationList = 18B611DD2C91E15D00D9036A /* Build configuration list for PBXNativeTarget "DotaStatus" */;
			buildPhases = (
				18B611BC2C91E15B00D9036A /* Sources */,
				18B611BD2C91E15B00D9036A /* Frameworks */,
				18B611BE2C91E15B00D9036A /* Resources */,
			);
			buildRules = (
			);
			dependencies = (
			);
			name = DotaStatus;
			packageProductDependencies = (
				18B611C52C91E15B00D9036A /* RealityKitContent */,
			);
			productName = DotaStatus;
			productReference = 18B611C02C91E15B00D9036A /* DotaStatus.app */;
			productType = "com.apple.product-type.application";
		};
		18B611D42C91E15D00D9036A /* DotaStatusTests */ = {
			isa = PBXNativeTarget;
			buildConfigurationList = 18B611E02C91E15D00D9036A /* Build configuration list for PBXNativeTarget "DotaStatusTests" */;
			buildPhases = (
				18B611D12C91E15D00D9036A /* Sources */,
				18B611D22C91E15D00D9036A /* Frameworks */,
				18B611D32C91E15D00D9036A /* Resources */,
			);
			buildRules = (
			);
			dependencies = (
				18B611D72C91E15D00D9036A /* PBXTargetDependency */,
			);
			name = DotaStatusTests;
			productName = DotaStatusTests;
			productReference = 18B611D52C91E15D00D9036A /* DotaStatusTests.xctest */;
			productType = "com.apple.product-type.bundle.unit-test";
		};
/* End PBXNativeTarget section */

/* Begin PBXProject section */
		18B611B82C91E15B00D9036A /* Project object */ = {
			isa = PBXProject;
			attributes = {
				BuildIndependentTargetsInParallel = 1;
				LastSwiftUpdateCheck = 1540;
				LastUpgradeCheck = 1540;
				TargetAttributes = {
					18B611BF2C91E15B00D9036A = {
						CreatedOnToolsVersion = 15.4;
					};
					18B611D42C91E15D00D9036A = {
						CreatedOnToolsVersion = 15.4;
						TestTargetID = 18B611BF2C91E15B00D9036A;
					};
				};
			};
			buildConfigurationList = 18B611BB2C91E15B00D9036A /* Build configuration list for PBXProject "DotaStatus" */;
			compatibilityVersion = "Xcode 14.0";
			developmentRegion = en;
			hasScannedForEncodings = 0;
			knownRegions = (
				en,
				Base,
			);
			mainGroup = 18B611B72C91E15B00D9036A;
			productRefGroup = 18B611C12C91E15B00D9036A /* Products */;
			projectDirPath = "";
			projectRoot = "";
			targets = (
				18B611BF2C91E15B00D9036A /* DotaStatus */,
				18B611D42C91E15D00D9036A /* DotaStatusTests */,
			);
		};
/* End PBXProject section */

/* Begin PBXResourcesBuildPhase section */
		18B611BE2C91E15B00D9036A /* Resources */ = {
			isa = PBXResourcesBuildPhase;
			buildActionMask = 2147483647;
			files = (
				18B611CF2C91E15D00D9036A /* Preview Assets.xcassets in Resources */,
				18B611CC2C91E15D00D9036A /* Assets.xcassets in Resources */,
			);
			runOnlyForDeploymentPostprocessing = 0;
		};
		18B611D32C91E15D00D9036A /* Resources */ = {
			isa = PBXResourcesBuildPhase;
			buildActionMask = 2147483647;
			files = (
			);
			runOnlyForDeploymentPostprocessing = 0;
		};
/* End PBXResourcesBuildPhase section */

/* Begin PBXSourcesBuildPhase section */
		18B611BC2C91E15B00D9036A /* Sources */ = {
			isa = PBXSourcesBuildPhase;
			buildActionMask = 2147483647;
			files = (
				18B611CA2C91E15B00D9036A /* ContentView.swift in Sources */,
				18B611F42C9225B900D9036A /* MedalView.swift in Sources */,
				18B611E52C91E5E000D9036A /* SearchView.swift in Sources */,
				18B611F02C91F48000D9036A /* PlayerCell.swift in Sources */,
				18B611F22C9214D500D9036A /* PerfilPlayerView.swift in Sources */,
				18B611EB2C91EB5C00D9036A /* DotaResponse.swift in Sources */,
				18B611F62C92280600D9036A /* MatchesView.swift in Sources */,
				18B611E82C91EAD800D9036A /* DotaViewModel.swift in Sources */,
				18B611C82C91E15B00D9036A /* DotaStatusApp.swift in Sources */,
				18B611ED2C91F03800D9036A /* ListPlayerView.swift in Sources */,
				18B611F82C922C4A00D9036A /* WinRateView.swift in Sources */,
			);
			runOnlyForDeploymentPostprocessing = 0;
		};
		18B611D12C91E15D00D9036A /* Sources */ = {
			isa = PBXSourcesBuildPhase;
			buildActionMask = 2147483647;
			files = (
				18B611DA2C91E15D00D9036A /* DotaStatusTests.swift in Sources */,
			);
			runOnlyForDeploymentPostprocessing = 0;
		};
/* End PBXSourcesBuildPhase section */

/* Begin PBXTargetDependency section */
		18B611D72C91E15D00D9036A /* PBXTargetDependency */ = {
			isa = PBXTargetDependency;
			target = 18B611BF2C91E15B00D9036A /* DotaStatus */;
			targetProxy = 18B611D62C91E15D00D9036A /* PBXContainerItemProxy */;
		};
/* End PBXTargetDependency section */

/* Begin XCBuildConfiguration section */
		18B611DB2C91E15D00D9036A /* Debug */ = {
			isa = XCBuildConfiguration;
			buildSettings = {
				ALWAYS_SEARCH_USER_PATHS = NO;
				ASSETCATALOG_COMPILER_GENERATE_SWIFT_ASSET_SYMBOL_EXTENSIONS = YES;
				CLANG_ANALYZER_NONNULL = YES;
				CLANG_ANALYZER_NUMBER_OBJECT_CONVERSION = YES_AGGRESSIVE;
				CLANG_CXX_LANGUAGE_STANDARD = "gnu++20";
				CLANG_ENABLE_MODULES = YES;
				CLANG_ENABLE_OBJC_ARC = YES;
				CLANG_ENABLE_OBJC_WEAK = YES;
				CLANG_WARN_BLOCK_CAPTURE_AUTORELEASING = YES;
				CLANG_WARN_BOOL_CONVERSION = YES;
				CLANG_WARN_COMMA = YES;
				CLANG_WARN_CONSTANT_CONVERSION = YES;
				CLANG_WARN_DEPRECATED_OBJC_IMPLEMENTATIONS = YES;
				CLANG_WARN_DIRECT_OBJC_ISA_USAGE = YES_ERROR;
				CLANG_WARN_DOCUMENTATION_COMMENTS = YES;
				CLANG_WARN_EMPTY_BODY = YES;
				CLANG_WARN_ENUM_CONVERSION = YES;
				CLANG_WARN_INFINITE_RECURSION = YES;
				CLANG_WARN_INT_CONVERSION = YES;
				CLANG_WARN_NON_LITERAL_NULL_CONVERSION = YES;
				CLANG_WARN_OBJC_IMPLICIT_RETAIN_SELF = YES;
				CLANG_WARN_OBJC_LITERAL_CONVERSION = YES;
				CLANG_WARN_OBJC_ROOT_CLASS = YES_ERROR;
				CLANG_WARN_QUOTED_INCLUDE_IN_FRAMEWORK_HEADER = YES;
				CLANG_WARN_RANGE_LOOP_ANALYSIS = YES;
				CLANG_WARN_STRICT_PROTOTYPES = YES;
				CLANG_WARN_SUSPICIOUS_MOVE = YES;
				CLANG_WARN_UNGUARDED_AVAILABILITY = YES_AGGRESSIVE;
				CLANG_WARN_UNREACHABLE_CODE = YES;
				CLANG_WARN__DUPLICATE_METHOD_MATCH = YES;
				COPY_PHASE_STRIP = NO;
				DEBUG_INFORMATION_FORMAT = dwarf;
				ENABLE_STRICT_OBJC_MSGSEND = YES;
				ENABLE_TESTABILITY = YES;
				ENABLE_USER_SCRIPT_SANDBOXING = YES;
				GCC_C_LANGUAGE_STANDARD = gnu17;
				GCC_DYNAMIC_NO_PIC = NO;
				GCC_NO_COMMON_BLOCKS = YES;
				GCC_OPTIMIZATION_LEVEL = 0;
				GCC_PREPROCESSOR_DEFINITIONS = (
					"DEBUG=1",
					"$(inherited)",
				);
				GCC_WARN_64_TO_32_BIT_CONVERSION = YES;
				GCC_WARN_ABOUT_RETURN_TYPE = YES_ERROR;
				GCC_WARN_UNDECLARED_SELECTOR = YES;
				GCC_WARN_UNINITIALIZED_AUTOS = YES_AGGRESSIVE;
				GCC_WARN_UNUSED_FUNCTION = YES;
				GCC_WARN_UNUSED_VARIABLE = YES;
				LOCALIZATION_PREFERS_STRING_CATALOGS = YES;
				MTL_ENABLE_DEBUG_INFO = INCLUDE_SOURCE;
				MTL_FAST_MATH = YES;
				ONLY_ACTIVE_ARCH = YES;
				SDKROOT = xros;
				SWIFT_ACTIVE_COMPILATION_CONDITIONS = "DEBUG $(inherited)";
				SWIFT_OPTIMIZATION_LEVEL = "-Onone";
				XROS_DEPLOYMENT_TARGET = 1.2;
			};
			name = Debug;
		};
		18B611DC2C91E15D00D9036A /* Release */ = {
			isa = XCBuildConfiguration;
			buildSettings = {
				ALWAYS_SEARCH_USER_PATHS = NO;
				ASSETCATALOG_COMPILER_GENERATE_SWIFT_ASSET_SYMBOL_EXTENSIONS = YES;
				CLANG_ANALYZER_NONNULL = YES;
				CLANG_ANALYZER_NUMBER_OBJECT_CONVERSION = YES_AGGRESSIVE;
				CLANG_CXX_LANGUAGE_STANDARD = "gnu++20";
				CLANG_ENABLE_MODULES = YES;
				CLANG_ENABLE_OBJC_ARC = YES;
				CLANG_ENABLE_OBJC_WEAK = YES;
				CLANG_WARN_BLOCK_CAPTURE_AUTORELEASING = YES;
				CLANG_WARN_BOOL_CONVERSION = YES;
				CLANG_WARN_COMMA = YES;
				CLANG_WARN_CONSTANT_CONVERSION = YES;
				CLANG_WARN_DEPRECATED_OBJC_IMPLEMENTATIONS = YES;
				CLANG_WARN_DIRECT_OBJC_ISA_USAGE = YES_ERROR;
				CLANG_WARN_DOCUMENTATION_COMMENTS = YES;
				CLANG_WARN_EMPTY_BODY = YES;
				CLANG_WARN_ENUM_CONVERSION = YES;
				CLANG_WARN_INFINITE_RECURSION = YES;
				CLANG_WARN_INT_CONVERSION = YES;
				CLANG_WARN_NON_LITERAL_NULL_CONVERSION = YES;
				CLANG_WARN_OBJC_IMPLICIT_RETAIN_SELF = YES;
				CLANG_WARN_OBJC_LITERAL_CONVERSION = YES;
				CLANG_WARN_OBJC_ROOT_CLASS = YES_ERROR;
				CLANG_WARN_QUOTED_INCLUDE_IN_FRAMEWORK_HEADER = YES;
				CLANG_WARN_RANGE_LOOP_ANALYSIS = YES;
				CLANG_WARN_STRICT_PROTOTYPES = YES;
				CLANG_WARN_SUSPICIOUS_MOVE = YES;
				CLANG_WARN_UNGUARDED_AVAILABILITY = YES_AGGRESSIVE;
				CLANG_WARN_UNREACHABLE_CODE = YES;
				CLANG_WARN__DUPLICATE_METHOD_MATCH = YES;
				COPY_PHASE_STRIP = NO;
				DEBUG_INFORMATION_FORMAT = "dwarf-with-dsym";
				ENABLE_NS_ASSERTIONS = NO;
				ENABLE_STRICT_OBJC_MSGSEND = YES;
				ENABLE_USER_SCRIPT_SANDBOXING = YES;
				GCC_C_LANGUAGE_STANDARD = gnu17;
				GCC_NO_COMMON_BLOCKS = YES;
				GCC_WARN_64_TO_32_BIT_CONVERSION = YES;
				GCC_WARN_ABOUT_RETURN_TYPE = YES_ERROR;
				GCC_WARN_UNDECLARED_SELECTOR = YES;
				GCC_WARN_UNINITIALIZED_AUTOS = YES_AGGRESSIVE;
				GCC_WARN_UNUSED_FUNCTION = YES;
				GCC_WARN_UNUSED_VARIABLE = YES;
				LOCALIZATION_PREFERS_STRING_CATALOGS = YES;
				MTL_ENABLE_DEBUG_INFO = NO;
				MTL_FAST_MATH = YES;
				SDKROOT = xros;
				SWIFT_COMPILATION_MODE = wholemodule;
				VALIDATE_PRODUCT = YES;
				XROS_DEPLOYMENT_TARGET = 1.2;
			};
			name = Release;
		};
		18B611DE2C91E15D00D9036A /* Debug */ = {
			isa = XCBuildConfiguration;
			buildSettings = {
				ASSETCATALOG_COMPILER_APPICON_NAME = AppIcon;
				ASSETCATALOG_COMPILER_GLOBAL_ACCENT_COLOR_NAME = AccentColor;
				CODE_SIGN_STYLE = Automatic;
				CURRENT_PROJECT_VERSION = 1;
				DEVELOPMENT_ASSET_PATHS = "\"DotaStatus/Preview Content\"";
				DEVELOPMENT_TEAM = K7MR37YQ2A;
				ENABLE_PREVIEWS = YES;
				GENERATE_INFOPLIST_FILE = YES;
				INFOPLIST_FILE = "$(TARGET_NAME)/Info.plist";
				LD_RUNPATH_SEARCH_PATHS = (
					"$(inherited)",
					"@executable_path/Frameworks",
				);
				MARKETING_VERSION = 1.0;
				PRODUCT_BUNDLE_IDENTIFIER = com.guilhermecunha.DotaStatus;
				PRODUCT_NAME = "$(TARGET_NAME)";
				SUPPORTED_PLATFORMS = "xros xrsimulator";
				SWIFT_EMIT_LOC_STRINGS = YES;
				SWIFT_VERSION = 5.0;
				TARGETED_DEVICE_FAMILY = "1,2,7";
			};
			name = Debug;
		};
		18B611DF2C91E15D00D9036A /* Release */ = {
			isa = XCBuildConfiguration;
			buildSettings = {
				ASSETCATALOG_COMPILER_APPICON_NAME = AppIcon;
				ASSETCATALOG_COMPILER_GLOBAL_ACCENT_COLOR_NAME = AccentColor;
				CODE_SIGN_STYLE = Automatic;
				CURRENT_PROJECT_VERSION = 1;
				DEVELOPMENT_ASSET_PATHS = "\"DotaStatus/Preview Content\"";
				DEVELOPMENT_TEAM = K7MR37YQ2A;
				ENABLE_PREVIEWS = YES;
				GENERATE_INFOPLIST_FILE = YES;
				INFOPLIST_FILE = "$(TARGET_NAME)/Info.plist";
				LD_RUNPATH_SEARCH_PATHS = (
					"$(inherited)",
					"@executable_path/Frameworks",
				);
				MARKETING_VERSION = 1.0;
				PRODUCT_BUNDLE_IDENTIFIER = com.guilhermecunha.DotaStatus;
				PRODUCT_NAME = "$(TARGET_NAME)";
				SUPPORTED_PLATFORMS = "xros xrsimulator";
				SWIFT_EMIT_LOC_STRINGS = YES;
				SWIFT_VERSION = 5.0;
				TARGETED_DEVICE_FAMILY = "1,2,7";
			};
			name = Release;
		};
		18B611E12C91E15D00D9036A /* Debug */ = {
			isa = XCBuildConfiguration;
			buildSettings = {
				ALWAYS_EMBED_SWIFT_STANDARD_LIBRARIES = YES;
				BUNDLE_LOADER = "$(TEST_HOST)";
				CODE_SIGN_STYLE = Automatic;
				CURRENT_PROJECT_VERSION = 1;
				DEVELOPMENT_TEAM = K7MR37YQ2A;
				GENERATE_INFOPLIST_FILE = YES;
				MARKETING_VERSION = 1.0;
				PRODUCT_BUNDLE_IDENTIFIER = com.guilhermecunha.DotaStatusTests;
				PRODUCT_NAME = "$(TARGET_NAME)";
				SUPPORTED_PLATFORMS = "xros xrsimulator";
				SWIFT_EMIT_LOC_STRINGS = NO;
				SWIFT_VERSION = 5.0;
				TARGETED_DEVICE_FAMILY = "1,2,7";
				TEST_HOST = "$(BUILT_PRODUCTS_DIR)/DotaStatus.app/$(BUNDLE_EXECUTABLE_FOLDER_PATH)/DotaStatus";
				XROS_DEPLOYMENT_TARGET = 1.2;
			};
			name = Debug;
		};
		18B611E22C91E15D00D9036A /* Release */ = {
			isa = XCBuildConfiguration;
			buildSettings = {
				ALWAYS_EMBED_SWIFT_STANDARD_LIBRARIES = YES;
				BUNDLE_LOADER = "$(TEST_HOST)";
				CODE_SIGN_STYLE = Automatic;
				CURRENT_PROJECT_VERSION = 1;
				DEVELOPMENT_TEAM = K7MR37YQ2A;
				GENERATE_INFOPLIST_FILE = YES;
				MARKETING_VERSION = 1.0;
				PRODUCT_BUNDLE_IDENTIFIER = com.guilhermecunha.DotaStatusTests;
				PRODUCT_NAME = "$(TARGET_NAME)";
				SUPPORTED_PLATFORMS = "xros xrsimulator";
				SWIFT_EMIT_LOC_STRINGS = NO;
				SWIFT_VERSION = 5.0;
				TARGETED_DEVICE_FAMILY = "1,2,7";
				TEST_HOST = "$(BUILT_PRODUCTS_DIR)/DotaStatus.app/$(BUNDLE_EXECUTABLE_FOLDER_PATH)/DotaStatus";
				XROS_DEPLOYMENT_TARGET = 1.2;
			};
			name = Release;
		};
/* End XCBuildConfiguration section */

/* Begin XCConfigurationList section */
		18B611BB2C91E15B00D9036A /* Build configuration list for PBXProject "DotaStatus" */ = {
			isa = XCConfigurationList;
			buildConfigurations = (
				18B611DB2C91E15D00D9036A /* Debug */,
				18B611DC2C91E15D00D9036A /* Release */,
			);
			defaultConfigurationIsVisible = 0;
			defaultConfigurationName = Release;
		};
		18B611DD2C91E15D00D9036A /* Build configuration list for PBXNativeTarget "DotaStatus" */ = {
			isa = XCConfigurationList;
			buildConfigurations = (
				18B611DE2C91E15D00D9036A /* Debug */,
				18B611DF2C91E15D00D9036A /* Release */,
			);
			defaultConfigurationIsVisible = 0;
			defaultConfigurationName = Release;
		};
		18B611E02C91E15D00D9036A /* Build configuration list for PBXNativeTarget "DotaStatusTests" */ = {
			isa = XCConfigurationList;
			buildConfigurations = (
				18B611E12C91E15D00D9036A /* Debug */,
				18B611E22C91E15D00D9036A /* Release */,
			);
			defaultConfigurationIsVisible = 0;
			defaultConfigurationName = Release;
		};
/* End XCConfigurationList section */

/* Begin XCSwiftPackageProductDependency section */
		18B611C52C91E15B00D9036A /* RealityKitContent */ = {
			isa = XCSwiftPackageProductDependency;
			productName = RealityKitContent;
		};
/* End XCSwiftPackageProductDependency section */
	};
	rootObject = 18B611B82C91E15B00D9036A /* Project object */;
}
